
Microsoft Visual Studio Solution File, Format Version 12.00
# Visual Studio Version 17
VisualStudioVersion = 17.13.35825.156 d17.13
MinimumVisualStudioVersion = 10.0.40219.1
Project("{FAE04EC0-301F-11D3-BF4B-00C04F79EFBC}") = "WebParser", "WebParser.csproj", "{7075E532-4E2E-4C83-88D4-21E945FDD437}"
EndProject
Global
	GlobalSection(SolutionConfigurationPlatforms) = preSolution
		Debug|Any CPU = Debug|Any CPU
		Release|Any CPU = Release|Any CPU
	EndGlobalSection
	GlobalSection(ProjectConfigurationPlatforms) = postSolution
		{7075E532-4E2E-4C83-88D4-21E945FDD437}.Debug|Any CPU.ActiveCfg = Debug|Any CPU
		{7075E532-4E2E-4C83-88D4-21E945FDD437}.Debug|Any CPU.Build.0 = Debug|Any CPU
		{7075E532-4E2E-4C83-88D4-21E945FDD437}.Release|Any CPU.ActiveCfg = Release|Any CPU
		{7075E532-4E2E-4C83-88D4-21E945FDD437}.Release|Any CPU.Build.0 = Release|Any CPU
	EndGlobalSection
	GlobalSection(SolutionProperties) = preSolution
		HideSolutionNode = FALSE
	EndGlobalSection
	GlobalSection(ExtensibilityGlobals) = postSolution
		SolutionGuid = {74C9D6CE-003B-4958-93A2-84FF7EFDD559}
	EndGlobalSection
EndGlobal
